// !$*UTF8*$!
{
	archiveVersion = 1;
	classes = {
	};
	objectVersion = 55;
	objects = {

/* Begin PBXBuildFile section */
		680B96D627F4697200B318D3 /* AppDelegate.swift in Sources */ = {isa = PBXBuildFile; fileRef = 680B96D527F4697200B318D3 /* AppDelegate.swift */; };
		680B96D827F4697200B318D3 /* SceneDelegate.swift in Sources */ = {isa = PBXBuildFile; fileRef = 680B96D727F4697200B318D3 /* SceneDelegate.swift */; };
		680B96DA27F4697200B318D3 /* ViewController.swift in Sources */ = {isa = PBXBuildFile; fileRef = 680B96D927F4697200B318D3 /* ViewController.swift */; };
		680B96DD27F4697200B318D3 /* Main.storyboard in Resources */ = {isa = PBXBuildFile; fileRef = 680B96DB27F4697200B318D3 /* Main.storyboard */; };
		680B96DF27F4697A00B318D3 /* Assets.xcassets in Resources */ = {isa = PBXBuildFile; fileRef = 680B96DE27F4697A00B318D3 /* Assets.xcassets */; };
		680B96E227F4697A00B318D3 /* LaunchScreen.storyboard in Resources */ = {isa = PBXBuildFile; fileRef = 680B96E027F4697A00B318D3 /* LaunchScreen.storyboard */; };
/* End PBXBuildFile section */

/* Begin PBXContainerItemProxy section */
		680B96E927F4697B00B318D3 /* PBXContainerItemProxy */ = {
			isa = PBXContainerItemProxy;
			containerPortal = 680B96CA27F4697200B318D3 /* Project object */;
			proxyType = 1;
			remoteGlobalIDString = 680B96D127F4697200B318D3;
			remoteInfo = GetIDFA;
		};
		680B96F327F4697B00B318D3 /* PBXContainerItemProxy */ = {
			isa = PBXContainerItemProxy;
			containerPortal = 680B96CA27F4697200B318D3 /* Project object */;
			proxyType = 1;
			remoteGlobalIDString = 680B96D127F4697200B318D3;
			remoteInfo = GetIDFA;
		};
/* End PBXContainerItemProxy section */

/* Begin PBXFileReference section */
		680B96D227F4697200B318D3 /* GetIDFA.app */ = {isa = PBXFileReference; explicitFileType = wrapper.application; includeInIndex = 0; path = GetIDFA.app; sourceTree = BUILT_PRODUCTS_DIR; };
		680B96D527F4697200B318D3 /* AppDelegate.swift */ = {isa = PBXFileReference; lastKnownFileType = sourcecode.swift; path = AppDelegate.swift; sourceTree = "<group>"; };
		680B96D727F4697200B318D3 /* SceneDelegate.swift */ = {isa = PBXFileReference; lastKnownFileType = sourcecode.swift; path = SceneDelegate.swift; sourceTree = "<group>"; };
		680B96D927F4697200B318D3 /* ViewController.swift */ = {isa = PBXFileReference; lastKnownFileType = sourcecode.swift; path = ViewController.swift; sourceTree = "<group>"; };
		680B96DC27F4697200B318D3 /* Base */ = {isa = PBXFileReference; lastKnownFileType = file.storyboard; name = Base; path = Base.lproj/Main.storyboard; sourceTree = "<group>"; };
		680B96DE27F4697A00B318D3 /* Assets.xcassets */ = {isa = PBXFileReference; lastKnownFileType = folder.assetcatalog; path = Assets.xcassets; sourceTree = "<group>"; };
		680B96E127F4697A00B318D3 /* Base */ = {isa = PBXFileReference; lastKnownFileType = file.storyboard; name = Base; path = Base.lproj/LaunchScreen.storyboard; sourceTree = "<group>"; };
		680B96E327F4697A00B318D3 /* Info.plist */ = {isa = PBXFileReference; lastKnownFileType = text.plist.xml; path = Info.plist; sourceTree = "<group>"; };
		680B96E827F4697B00B318D3 /* GetIDFATests.xctest */ = {isa = PBXFileReference; explicitFileType = wrapper.cfbundle; includeInIndex = 0; path = GetIDFATests.xctest; sourceTree = BUILT_PRODUCTS_DIR; };
		680B96F227F4697B00B318D3 /* GetIDFAUITests.xctest */ = {isa = PBXFileReference; explicitFileType = wrapper.cfbundle; includeInIndex = 0; path = GetIDFAUITests.xctest; sourceTree = BUILT_PRODUCTS_DIR; };
/* End PBXFileReference section */

/* Begin PBXFrameworksBuildPhase section */
		680B96CF27F4697200B318D3 /* Frameworks */ = {
			isa = PBXFrameworksBuildPhase;
			buildActionMask = 2147483647;
			files = (
			);
			runOnlyForDeploymentPostprocessing = 0;
		};
		680B96E527F4697B00B318D3 /* Frameworks */ = {
			isa = PBXFrameworksBuildPhase;
			buildActionMask = 2147483647;
			files = (
			);
			runOnlyForDeploymentPostprocessing = 0;
		};
		680B96EF27F4697B00B318D3 /* Frameworks */ = {
			isa = PBXFrameworksBuildPhase;
			buildActionMask = 2147483647;
			files = (
			);
			runOnlyForDeploymentPostprocessing = 0;
		};
/* End PBXFrameworksBuildPhase section */

/* Begin PBXGroup section */
		680B96C927F4697200B318D3 = {
			isa = PBXGroup;
			children = (
				680B96D427F4697200B318D3 /* GetIDFA */,
				680B96D327F4697200B318D3 /* Products */,
			);
			sourceTree = "<group>";
		};
		680B96D327F4697200B318D3 /* Products */ = {
			isa = PBXGroup;
			children = (
				680B96D227F4697200B318D3 /* GetIDFA.app */,
				680B96E827F4697B00B318D3 /* GetIDFATests.xctest */,
				680B96F227F4697B00B318D3 /* GetIDFAUITests.xctest */,
			);
			name = Products;
			sourceTree = "<group>";
		};
		680B96D427F4697200B318D3 /* GetIDFA */ = {
			isa = PBXGroup;
			children = (
				680B96D527F4697200B318D3 /* AppDelegate.swift */,
				680B96D727F4697200B318D3 /* SceneDelegate.swift */,
				680B96D927F4697200B318D3 /* ViewController.swift */,
				680B96DB27F4697200B318D3 /* Main.storyboard */,
				680B96DE27F4697A00B318D3 /* Assets.xcassets */,
				680B96E027F4697A00B318D3 /* LaunchScreen.storyboard */,
				680B96E327F4697A00B318D3 /* Info.plist */,
			);
			path = GetIDFA;
			sourceTree = "<group>";
		};
/* End PBXGroup section */

/* Begin PBXNativeTarget section */
		680B96D127F4697200B318D3 /* GetIDFA */ = {
			isa = PBXNativeTarget;
			buildConfigurationList = 680B96FC27F4697B00B318D3 /* Build configuration list for PBXNativeTarget "GetIDFA" */;
			buildPhases = (
				680B96CE27F4697200B318D3 /* Sources */,
				680B96CF27F4697200B318D3 /* Frameworks */,
				680B96D027F4697200B318D3 /* Resources */,
			);
			buildRules = (
			);
			dependencies = (
			);
			name = GetIDFA;
			productName = GetIDFA;
			productReference = 680B96D227F4697200B318D3 /* GetIDFA.app */;
			productType = "com.apple.product-type.application";
		};
		680B96E727F4697B00B318D3 /* GetIDFATests */ = {
			isa = PBXNativeTarget;
			buildConfigurationList = 680B96FF27F4697B00B318D3 /* Build configuration list for PBXNativeTarget "GetIDFATests" */;
			buildPhases = (
				680B96E427F4697B00B318D3 /* Sources */,
				680B96E527F4697B00B318D3 /* Frameworks */,
				680B96E627F4697B00B318D3 /* Resources */,
			);
			buildRules = (
			);
			dependencies = (
				680B96EA27F4697B00B318D3 /* PBXTargetDependency */,
			);
			name = GetIDFATests;
			productName = GetIDFATests;
			productReference = 680B96E827F4697B00B318D3 /* GetIDFATests.xctest */;
			productType = "com.apple.product-type.bundle.unit-test";
		};
		680B96F127F4697B00B318D3 /* GetIDFAUITests */ = {
			isa = PBXNativeTarget;
			buildConfigurationList = 680B970227F4697B00B318D3 /* Build configuration list for PBXNativeTarget "GetIDFAUITests" */;
			buildPhases = (
				680B96EE27F4697B00B318D3 /* Sources */,
				680B96EF27F4697B00B318D3 /* Frameworks */,
				680B96F027F4697B00B318D3 /* Resources */,
			);
			buildRules = (
			);
			dependencies = (
				680B96F427F4697B00B318D3 /* PBXTargetDependency */,
			);
			name = GetIDFAUITests;
			productName = GetIDFAUITests;
			productReference = 680B96F227F4697B00B318D3 /* GetIDFAUITests.xctest */;
			productType = "com.apple.product-type.bundle.ui-testing";
		};
/* End PBXNativeTarget section */

/* Begin PBXProject section */
		680B96CA27F4697200B318D3 /* Project object */ = {
			isa = PBXProject;
			attributes = {
				BuildIndependentTargetsInParallel = 1;
				LastSwiftUpdateCheck = 1320;
				LastUpgradeCheck = 1320;
				TargetAttributes = {
					680B96D127F4697200B318D3 = {
						CreatedOnToolsVersion = 13.2.1;
					};
					680B96E727F4697B00B318D3 = {
						CreatedOnToolsVersion = 13.2.1;
						TestTargetID = 680B96D127F4697200B318D3;
					};
					680B96F127F4697B00B318D3 = {
						CreatedOnToolsVersion = 13.2.1;
						TestTargetID = 680B96D127F4697200B318D3;
					};
				};
			};
			buildConfigurationList = 680B96CD27F4697200B318D3 /* Build configuration list for PBXProject "GetIDFA" */;
			compatibilityVersion = "Xcode 13.0";
			developmentRegion = en;
			hasScannedForEncodings = 0;
			knownRegions = (
				en,
				Base,
			);
			mainGroup = 680B96C927F4697200B318D3;
			productRefGroup = 680B96D327F4697200B318D3 /* Products */;
			projectDirPath = "";
			projectRoot = "";
			targets = (
				680B96D127F4697200B318D3 /* GetIDFA */,
				680B96E727F4697B00B318D3 /* GetIDFATests */,
				680B96F127F4697B00B318D3 /* GetIDFAUITests */,
			);
		};
/* End PBXProject section */

/* Begin PBXResourcesBuildPhase section */
		680B96D027F4697200B318D3 /* Resources */ = {
			isa = PBXResourcesBuildPhase;
			buildActionMask = 2147483647;
			files = (
				680B96E227F4697A00B318D3 /* LaunchScreen.storyboard in Resources */,
				680B96DF27F4697A00B318D3 /* Assets.xcassets in Resources */,
				680B96DD27F4697200B318D3 /* Main.storyboard in Resources */,
			);
			runOnlyForDeploymentPostprocessing = 0;
		};
		680B96E627F4697B00B318D3 /* Resources */ = {
			isa = PBXResourcesBuildPhase;
			buildActionMask = 2147483647;
			files = (
			);
			runOnlyForDeploymentPostprocessing = 0;
		};
		680B96F027F4697B00B318D3 /* Resources */ = {
			isa = PBXResourcesBuildPhase;
			buildActionMask = 2147483647;
			files = (
			);
			runOnlyForDeploymentPostprocessing = 0;
		};
/* End PBXResourcesBuildPhase section */

/* Begin PBXSourcesBuildPhase section */
		680B96CE27F4697200B318D3 /* Sources */ = {
			isa = PBXSourcesBuildPhase;
			buildActionMask = 2147483647;
			files = (
				680B96DA27F4697200B318D3 /* ViewController.swift in Sources */,
				680B96D627F4697200B318D3 /* AppDelegate.swift in Sources */,
				680B96D827F4697200B318D3 /* SceneDelegate.swift in Sources */,
			);
			runOnlyForDeploymentPostprocessing = 0;
		};
		680B96E427F4697B00B318D3 /* Sources */ = {
			isa = PBXSourcesBuildPhase;
			buildActionMask = 2147483647;
			files = (
			);
			runOnlyForDeploymentPostprocessing = 0;
		};
		680B96EE27F4697B00B318D3 /* Sources */ = {
			isa = PBXSourcesBuildPhase;
			buildActionMask = 2147483647;
			files = (
			);
			runOnlyForDeploymentPostprocessing = 0;
		};
/* End PBXSourcesBuildPhase section */

/* Begin PBXTargetDependency section */
		680B96EA27F4697B00B318D3 /* PBXTargetDependency */ = {
			isa = PBXTargetDependency;
			target = 680B96D127F4697200B318D3 /* GetIDFA */;
			targetProxy = 680B96E927F4697B00B318D3 /* PBXContainerItemProxy */;
		};
		680B96F427F4697B00B318D3 /* PBXTargetDependency */ = {
			isa = PBXTargetDependency;
			target = 680B96D127F4697200B318D3 /* GetIDFA */;
			targetProxy = 680B96F327F4697B00B318D3 /* PBXContainerItemProxy */;
		};
/* End PBXTargetDependency section */

/* Begin PBXVariantGroup section */
		680B96DB27F4697200B318D3 /* Main.storyboard */ = {
			isa = PBXVariantGroup;
			children = (
				680B96DC27F4697200B318D3 /* Base */,
			);
			name = Main.storyboard;
			sourceTree = "<group>";
		};
		680B96E027F4697A00B318D3 /* LaunchScreen.storyboard */ = {
			isa = PBXVariantGroup;
			children = (
				680B96E127F4697A00B318D3 /* Base */,
			);
			name = LaunchScreen.storyboard;
			sourceTree = "<group>";
		};
/* End PBXVariantGroup section */

/* Begin XCBuildConfiguration section */
		680B96FA27F4697B00B318D3 /* Debug */ = {
			isa = XCBuildConfiguration;
			buildSettings = {
				ALWAYS_SEARCH_USER_PATHS = NO;
				CLANG_ANALYZER_NONNULL = YES;
				CLANG_ANALYZER_NUMBER_OBJECT_CONVERSION = YES_AGGRESSIVE;
				CLANG_CXX_LANGUAGE_STANDARD = "gnu++17";
				CLANG_CXX_LIBRARY = "libc++";
				CLANG_ENABLE_MODULES = YES;
				CLANG_ENABLE_OBJC_ARC = YES;
				CLANG_ENABLE_OBJC_WEAK = YES;
				CLANG_WARN_BLOCK_CAPTURE_AUTORELEASING = YES;
				CLANG_WARN_BOOL_CONVERSION = YES;
				CLANG_WARN_COMMA = YES;
				CLANG_WARN_CONSTANT_CONVERSION = YES;
				CLANG_WARN_DEPRECATED_OBJC_IMPLEMENTATIONS = YES;
				CLANG_WARN_DIRECT_OBJC_ISA_USAGE = YES_ERROR;
				CLANG_WARN_DOCUMENTATION_COMMENTS = YES;
				CLANG_WARN_EMPTY_BODY = YES;
				CLANG_WARN_ENUM_CONVERSION = YES;
				CLANG_WARN_INFINITE_RECURSION = YES;
				CLANG_WARN_INT_CONVERSION = YES;
				CLANG_WARN_NON_LITERAL_NULL_CONVERSION = YES;
				CLANG_WARN_OBJC_IMPLICIT_RETAIN_SELF = YES;
				CLANG_WARN_OBJC_LITERAL_CONVERSION = YES;
				CLANG_WARN_OBJC_ROOT_CLASS = YES_ERROR;
				CLANG_WARN_QUOTED_INCLUDE_IN_FRAMEWORK_HEADER = YES;
				CLANG_WARN_RANGE_LOOP_ANALYSIS = YES;
				CLANG_WARN_STRICT_PROTOTYPES = YES;
				CLANG_WARN_SUSPICIOUS_MOVE = YES;
				CLANG_WARN_UNGUARDED_AVAILABILITY = YES_AGGRESSIVE;
				CLANG_WARN_UNREACHABLE_CODE = YES;
				CLANG_WARN__DUPLICATE_METHOD_MATCH = YES;
				COPY_PHASE_STRIP = NO;
				DEBUG_INFORMATION_FORMAT = dwarf;
				ENABLE_STRICT_OBJC_MSGSEND = YES;
				ENABLE_TESTABILITY = YES;
				GCC_C_LANGUAGE_STANDARD = gnu11;
				GCC_DYNAMIC_NO_PIC = NO;
				GCC_NO_COMMON_BLOCKS = YES;
				GCC_OPTIMIZATION_LEVEL = 0;
				GCC_PREPROCESSOR_DEFINITIONS = (
					"DEBUG=1",
					"$(inherited)",
				);
				GCC_WARN_64_TO_32_BIT_CONVERSION = YES;
				GCC_WARN_ABOUT_RETURN_TYPE = YES_ERROR;
				GCC_WARN_UNDECLARED_SELECTOR = YES;
				GCC_WARN_UNINITIALIZED_AUTOS = YES_AGGRESSIVE;
				GCC_WARN_UNUSED_FUNCTION = YES;
				GCC_WARN_UNUSED_VARIABLE = YES;
				IPHONEOS_DEPLOYMENT_TARGET = 15.2;
				MTL_ENABLE_DEBUG_INFO = INCLUDE_SOURCE;
				MTL_FAST_MATH = YES;
				ONLY_ACTIVE_ARCH = YES;
				SDKROOT = iphoneos;
				SWIFT_ACTIVE_COMPILATION_CONDITIONS = DEBUG;
				SWIFT_OPTIMIZATION_LEVEL = "-Onone";
			};
			name = Debug;
		};
		680B96FB27F4697B00B318D3 /* Release */ = {
			isa = XCBuildConfiguration;
			buildSettings = {
				ALWAYS_SEARCH_USER_PATHS = NO;
				CLANG_ANALYZER_NONNULL = YES;
				CLANG_ANALYZER_NUMBER_OBJECT_CONVERSION = YES_AGGRESSIVE;
				CLANG_CXX_LANGUAGE_STANDARD = "gnu++17";
				CLANG_CXX_LIBRARY = "libc++";
				CLANG_ENABLE_MODULES = YES;
				CLANG_ENABLE_OBJC_ARC = YES;
				CLANG_ENABLE_OBJC_WEAK = YES;
				CLANG_WARN_BLOCK_CAPTURE_AUTORELEASING = YES;
				CLANG_WARN_BOOL_CONVERSION = YES;
				CLANG_WARN_COMMA = YES;
				CLANG_WARN_CONSTANT_CONVERSION = YES;
				CLANG_WARN_DEPRECATED_OBJC_IMPLEMENTATIONS = YES;
				CLANG_WARN_DIRECT_OBJC_ISA_USAGE = YES_ERROR;
				CLANG_WARN_DOCUMENTATION_COMMENTS = YES;
				CLANG_WARN_EMPTY_BODY = YES;
				CLANG_WARN_ENUM_CONVERSION = YES;
				CLANG_WARN_INFINITE_RECURSION = YES;
				CLANG_WARN_INT_CONVERSION = YES;
				CLANG_WARN_NON_LITERAL_NULL_CONVERSION = YES;
				CLANG_WARN_OBJC_IMPLICIT_RETAIN_SELF = YES;
				CLANG_WARN_OBJC_LITERAL_CONVERSION = YES;
				CLANG_WARN_OBJC_ROOT_CLASS = YES_ERROR;
				CLANG_WARN_QUOTED_INCLUDE_IN_FRAMEWORK_HEADER = YES;
				CLANG_WARN_RANGE_LOOP_ANALYSIS = YES;
				CLANG_WARN_STRICT_PROTOTYPES = YES;
				CLANG_WARN_SUSPICIOUS_MOVE = YES;
				CLANG_WARN_UNGUARDED_AVAILABILITY = YES_AGGRESSIVE;
				CLANG_WARN_UNREACHABLE_CODE = YES;
				CLANG_WARN__DUPLICATE_METHOD_MATCH = YES;
				COPY_PHASE_STRIP = NO;
				DEBUG_INFORMATION_FORMAT = "dwarf-with-dsym";
				ENABLE_NS_ASSERTIONS = NO;
				ENABLE_STRICT_OBJC_MSGSEND = YES;
				GCC_C_LANGUAGE_STANDARD = gnu11;
				GCC_NO_COMMON_BLOCKS = YES;
				GCC_WARN_64_TO_32_BIT_CONVERSION = YES;
				GCC_WARN_ABOUT_RETURN_TYPE = YES_ERROR;
				GCC_WARN_UNDECLARED_SELECTOR = YES;
				GCC_WARN_UNINITIALIZED_AUTOS = YES_AGGRESSIVE;
				GCC_WARN_UNUSED_FUNCTION = YES;
				GCC_WARN_UNUSED_VARIABLE = YES;
				IPHONEOS_DEPLOYMENT_TARGET = 15.2;
				MTL_ENABLE_DEBUG_INFO = NO;
				MTL_FAST_MATH = YES;
				SDKROOT = iphoneos;
				SWIFT_COMPILATION_MODE = wholemodule;
				SWIFT_OPTIMIZATION_LEVEL = "-O";
				VALIDATE_PRODUCT = YES;
			};
			name = Release;
		};
		680B96FD27F4697B00B318D3 /* Debug */ = {
			isa = XCBuildConfiguration;
			buildSettings = {
				ASSETCATALOG_COMPILER_APPICON_NAME = AppIcon;
				ASSETCATALOG_COMPILER_GLOBAL_ACCENT_COLOR_NAME = AccentColor;
				CODE_SIGN_STYLE = Automatic;
				CURRENT_PROJECT_VERSION = 1;
				DEVELOPMENT_TEAM = CLM9MDWZAT;
				GENERATE_INFOPLIST_FILE = YES;
				INFOPLIST_FILE = GetIDFA/Info.plist;
				INFOPLIST_KEY_UIApplicationSupportsIndirectInputEvents = YES;
				INFOPLIST_KEY_UILaunchStoryboardName = LaunchScreen;
				INFOPLIST_KEY_UIMainStoryboardFile = Main;
				INFOPLIST_KEY_UISupportedInterfaceOrientations_iPad = "UIInterfaceOrientationPortrait UIInterfaceOrientationPortraitUpsideDown UIInterfaceOrientationLandscapeLeft UIInterfaceOrientationLandscapeRight";
				INFOPLIST_KEY_UISupportedInterfaceOrientations_iPhone = "UIInterfaceOrientationPortrait UIInterfaceOrientationLandscapeLeft UIInterfaceOrientationLandscapeRight";
				LD_RUNPATH_SEARCH_PATHS = (
					"$(inherited)",
					"@executable_path/Frameworks",
				);
				MARKETING_VERSION = 1.0;
				PRODUCT_BUNDLE_IDENTIFIER = com.gmail.m.takuma.dev.GetIDFA;
				PRODUCT_NAME = "$(TARGET_NAME)";
				SWIFT_EMIT_LOC_STRINGS = YES;
				SWIFT_VERSION = 5.0;
				TARGETED_DEVICE_FAMILY = "1,2";
			};
			name = Debug;
		};
		680B96FE27F4697B00B318D3 /* Release */ = {
			isa = XCBuildConfiguration;
			buildSettings = {
				ASSETCATALOG_COMPILER_APPICON_NAME = AppIcon;
				ASSETCATALOG_COMPILER_GLOBAL_ACCENT_COLOR_NAME = AccentColor;
				CODE_SIGN_STYLE = Automatic;
				CURRENT_PROJECT_VERSION = 1;
				DEVELOPMENT_TEAM = CLM9MDWZAT;
				GENERATE_INFOPLIST_FILE = YES;
				INFOPLIST_FILE = GetIDFA/Info.plist;
				INFOPLIST_KEY_UIApplicationSupportsIndirectInputEvents = YES;
				INFOPLIST_KEY_UILaunchStoryboardName = LaunchScreen;
				INFOPLIST_KEY_UIMainStoryboardFile = Main;
				INFOPLIST_KEY_UISupportedInterfaceOrientations_iPad = "UIInterfaceOrientationPortrait UIInterfaceOrientationPortraitUpsideDown UIInterfaceOrientationLandscapeLeft UIInterfaceOrientationLandscapeRight";
				INFOPLIST_KEY_UISupportedInterfaceOrientations_iPhone = "UIInterfaceOrientationPortrait UIInterfaceOrientationLandscapeLeft UIInterfaceOrientationLandscapeRight";
				LD_RUNPATH_SEARCH_PATHS = (
					"$(inherited)",
					"@executable_path/Frameworks",
				);
				MARKETING_VERSION = 1.0;
				PRODUCT_BUNDLE_IDENTIFIER = com.gmail.m.takuma.dev.GetIDFA;
				PRODUCT_NAME = "$(TARGET_NAME)";
				SWIFT_EMIT_LOC_STRINGS = YES;
				SWIFT_VERSION = 5.0;
				TARGETED_DEVICE_FAMILY = "1,2";
			};
			name = Release;
		};
		680B970027F4697B00B318D3 /* Debug */ = {
			isa = XCBuildConfiguration;
			buildSettings = {
				ALWAYS_EMBED_SWIFT_STANDARD_LIBRARIES = YES;
				BUNDLE_LOADER = "$(TEST_HOST)";
				CODE_SIGN_STYLE = Automatic;
				CURRENT_PROJECT_VERSION = 1;
				DEVELOPMENT_TEAM = CLM9MDWZAT;
				GENERATE_INFOPLIST_FILE = YES;
				IPHONEOS_DEPLOYMENT_TARGET = 15.2;
				MARKETING_VERSION = 1.0;
				PRODUCT_BUNDLE_IDENTIFIER = com.gmail.m.takuma.dev.GetIDFATests;
				PRODUCT_NAME = "$(TARGET_NAME)";
				SWIFT_EMIT_LOC_STRINGS = NO;
				SWIFT_VERSION = 5.0;
				TARGETED_DEVICE_FAMILY = "1,2";
				TEST_HOST = "$(BUILT_PRODUCTS_DIR)/GetIDFA.app/GetIDFA";
			};
			name = Debug;
		};
		680B970127F4697B00B318D3 /* Release */ = {
			isa = XCBuildConfiguration;
			buildSettings = {
				ALWAYS_EMBED_SWIFT_STANDARD_LIBRARIES = YES;
				BUNDLE_LOADER = "$(TEST_HOST)";
				CODE_SIGN_STYLE = Automatic;
				CURRENT_PROJECT_VERSION = 1;
				DEVELOPMENT_TEAM = CLM9MDWZAT;
				GENERATE_INFOPLIST_FILE = YES;
				IPHONEOS_DEPLOYMENT_TARGET = 15.2;
				MARKETING_VERSION = 1.0;
				PRODUCT_BUNDLE_IDENTIFIER = com.gmail.m.takuma.dev.GetIDFATests;
				PRODUCT_NAME = "$(TARGET_NAME)";
				SWIFT_EMIT_LOC_STRINGS = NO;
				SWIFT_VERSION = 5.0;
				TARGETED_DEVICE_FAMILY = "1,2";
				TEST_HOST = "$(BUILT_PRODUCTS_DIR)/GetIDFA.app/GetIDFA";
			};
			name = Release;
		};
		680B970327F4697B00B318D3 /* Debug */ = {
			isa = XCBuildConfiguration;
			buildSettings = {
				ALWAYS_EMBED_SWIFT_STANDARD_LIBRARIES = YES;
				CODE_SIGN_STYLE = Automatic;
				CURRENT_PROJECT_VERSION = 1;
				DEVELOPMENT_TEAM = CLM9MDWZAT;
				GENERATE_INFOPLIST_FILE = YES;
				MARKETING_VERSION = 1.0;
				PRODUCT_BUNDLE_IDENTIFIER = com.gmail.m.takuma.dev.GetIDFAUITests;
				PRODUCT_NAME = "$(TARGET_NAME)";
				SWIFT_EMIT_LOC_STRINGS = NO;
				SWIFT_VERSION = 5.0;
				TARGETED_DEVICE_FAMILY = "1,2";
				TEST_TARGET_NAME = GetIDFA;
			};
			name = Debug;
		};
		680B970427F4697B00B318D3 /* Release */ = {
			isa = XCBuildConfiguration;
			buildSettings = {
				ALWAYS_EMBED_SWIFT_STANDARD_LIBRARIES = YES;
				CODE_SIGN_STYLE = Automatic;
				CURRENT_PROJECT_VERSION = 1;
				DEVELOPMENT_TEAM = CLM9MDWZAT;
				GENERATE_INFOPLIST_FILE = YES;
				MARKETING_VERSION = 1.0;
				PRODUCT_BUNDLE_IDENTIFIER = com.gmail.m.takuma.dev.GetIDFAUITests;
				PRODUCT_NAME = "$(TARGET_NAME)";
				SWIFT_EMIT_LOC_STRINGS = NO;
				SWIFT_VERSION = 5.0;
				TARGETED_DEVICE_FAMILY = "1,2";
				TEST_TARGET_NAME = GetIDFA;
			};
			name = Release;
		};
/* End XCBuildConfiguration section */

/* Begin XCConfigurationList section */
		680B96CD27F4697200B318D3 /* Build configuration list for PBXProject "GetIDFA" */ = {
			isa = XCConfigurationList;
			buildConfigurations = (
				680B96FA27F4697B00B318D3 /* Debug */,
				680B96FB27F4697B00B318D3 /* Release */,
			);
			defaultConfigurationIsVisible = 0;
			defaultConfigurationName = Release;
		};
		680B96FC27F4697B00B318D3 /* Build configuration list for PBXNativeTarget "GetIDFA" */ = {
			isa = XCConfigurationList;
			buildConfigurations = (
				680B96FD27F4697B00B318D3 /* Debug */,
				680B96FE27F4697B00B318D3 /* Release */,
			);
			defaultConfigurationIsVisible = 0;
			defaultConfigurationName = Release;
		};
		680B96FF27F4697B00B318D3 /* Build configuration list for PBXNativeTarget "GetIDFATests" */ = {
			isa = XCConfigurationList;
			buildConfigurations = (
				680B970027F4697B00B318D3 /* Debug */,
				680B970127F4697B00B318D3 /* Release */,
			);
			defaultConfigurationIsVisible = 0;
			defaultConfigurationName = Release;
		};
		680B970227F4697B00B318D3 /* Build configuration list for PBXNativeTarget "GetIDFAUITests" */ = {
			isa = XCConfigurationList;
			buildConfigurations = (
				680B970327F4697B00B318D3 /* Debug */,
				680B970427F4697B00B318D3 /* Release */,
			);
			defaultConfigurationIsVisible = 0;
			defaultConfigurationName = Release;
		};
/* End XCConfigurationList section */
	};
	rootObject = 680B96CA27F4697200B318D3 /* Project object */;
}
